{
    "_meta": {
        "hash": {
            "sha256": "6edb88a58b363b689912295a15a7677f317def8d0b0c0a311a06cb05177767f4"
        },
        "pipfile-spec": 6,
        "requires": {
            "python_version": "3.10"
        },
        "sources": [
            {
                "name": "pypi",
                "url": "https://pypi.org/simple",
                "verify_ssl": true
            }
        ]
    },
    "default": {
        "packageurl-python": {
            "hashes": [
                "sha256:5c91334f942cd55d45eb0c67dd339a535ef90e25f05b9ec016ad188ed0ef9048",
                "sha256:bf8a1ffe755634776f6563904d792fb0aa13b377fc86115c36fe17f69b6e59db"
            ],
            "index": "pypi",
            "version": "==0.10.4"
        }
    },
    "develop": {}
}
